
Microsoft Visual Studio Solution File, Format Version 12.00
# Visual Studio Version 16
VisualStudioVersion = 16.0.29806.167
MinimumVisualStudioVersion = 10.0.40219.1
Project("{2150E333-8FDC-42A3-9474-1A3956D46DE8}") = "src", "src", "{D69F1607-E425-4B8C-AE84-E9C703168955}"
EndProject
Project("{2150E333-8FDC-42A3-9474-1A3956D46DE8}") = "Persistence", "Persistence", "{E9247C3F-C3E9-4178-A243-CBFEC765AA5F}"
EndProject
Project("{2150E333-8FDC-42A3-9474-1A3956D46DE8}") = "Abstractions", "Abstractions", "{71F954AB-C96E-4385-829E-267D0E863BE5}"
EndProject
Project("{2150E333-8FDC-42A3-9474-1A3956D46DE8}") = "Hosting", "Hosting", "{453FFCFB-CA96-4C34-8524-4A8A792A5DB9}"
EndProject
Project("{2150E333-8FDC-42A3-9474-1A3956D46DE8}") = "Integration", "Integration", "{C3A77404-2212-4767-8AED-0DF05EAB17EA}"
EndProject
Project("{2150E333-8FDC-42A3-9474-1A3956D46DE8}") = "Abstractions", "Abstractions", "{438D0D2E-1DF9-4B3E-AA5E-7ED6593EAD25}"
EndProject
Project("{2150E333-8FDC-42A3-9474-1A3956D46DE8}") = "services", "services", "{76B5B22F-6929-4ABA-AE5D-C5EC9CE3E9B0}"
EndProject
Project("{2150E333-8FDC-42A3-9474-1A3956D46DE8}") = "Abstractions", "Abstractions", "{3C5E5A86-2875-4C9B-8C2E-CD70030ABFBC}"
EndProject
Project("{2150E333-8FDC-42A3-9474-1A3956D46DE8}") = "Templates", "Templates", "{2E0CC54E-2DA7-45BA-A9B6-54A1048B18D7}"
EndProject
Project("{2150E333-8FDC-42A3-9474-1A3956D46DE8}") = "services", "services", "{5AED5549-A939-4202-83C9-2483E2A989AE}"
EndProject
Project("{9A19103F-16F7-4668-BE54-9A1E7A4F7556}") = "Template.BackgroundHost", "src\Templates\services\Template.BackgroundHost\Template.BackgroundHost.csproj", "{382E91D9-2830-4E71-AD12-0D0DF2D61A0D}"
EndProject
Project("{9A19103F-16F7-4668-BE54-9A1E7A4F7556}") = "NetHacksPack.Realtime.SignalR", "src\services\NetHacksPack.Realtime.SignalR\NetHacksPack.Realtime.SignalR.csproj", "{94BCE1DD-8A15-48A4-9A41-405448D5F02F}"
EndProject
Project("{9A19103F-16F7-4668-BE54-9A1E7A4F7556}") = "NetHacksPack.Hosting", "src\NetHacksPack.Hosting\NetHacksPack.Hosting.csproj", "{D66CD652-92AC-48E8-BE99-8FAD1FC789CB}"
EndProject
Project("{9A19103F-16F7-4668-BE54-9A1E7A4F7556}") = "NetHacksPack.Hosting.Abstractions", "src\NetHacksPack.Hosting.Abstractions\NetHacksPack.Hosting.Abstractions.csproj", "{DE9735EA-F744-4C4F-835F-974383BB93E8}"
EndProject
Project("{9A19103F-16F7-4668-BE54-9A1E7A4F7556}") = "NetHacksPack.Hosting.Connections", "src\NetHacksPack.Hosting.Connections\NetHacksPack.Hosting.Connections.csproj", "{EBF31624-89AF-4FBE-B0A4-D84E878614EA}"
EndProject
Project("{9A19103F-16F7-4668-BE54-9A1E7A4F7556}") = "NetHacksPack.Hosting.Environment", "src\NetHacksPack.Hosting.Environment\NetHacksPack.Hosting.Environment.csproj", "{0E6D0F08-7FE8-4D77-9BF8-AC558CF00473}"
EndProject
Project("{9A19103F-16F7-4668-BE54-9A1E7A4F7556}") = "NetHacksPack.Hosting.Listener", "src\NetHacksPack.Hosting.Listener\NetHacksPack.Hosting.Listener.csproj", "{FE66D15D-F753-43E5-AE05-84099933FD2B}"
EndProject
Project("{9A19103F-16F7-4668-BE54-9A1E7A4F7556}") = "NetHacksPack.Hosting.Web.IIS", "src\NetHacksPack.Hosting.Web.IIS\NetHacksPack.Hosting.Web.IIS.csproj", "{5EE05845-32DB-48A2-B5C0-C96C2CD9EBCC}"
EndProject
Project("{9A19103F-16F7-4668-BE54-9A1E7A4F7556}") = "NetHacksPack.Integration.Abstractions", "src\NetHacksPack.Integration.Abstractions\NetHacksPack.Integration.Abstractions.csproj", "{B8AFCAB5-1787-478E-BE1A-7B1127DA8DE8}"
EndProject
Project("{9A19103F-16F7-4668-BE54-9A1E7A4F7556}") = "NetHacksPack.Integration.RabbitMQ", "src\NetHacksPack.Integration.RabbitMQ\NetHacksPack.Integration.RabbitMQ.csproj", "{40D296E9-00BC-41F2-BE96-8B672CBA4C59}"
EndProject
Project("{9A19103F-16F7-4668-BE54-9A1E7A4F7556}") = "NetHacksPack.Data.Persistence.Abstractions", "src\NetHacksPack.Data.Persistence.Abstractions\NetHacksPack.Data.Persistence.Abstractions.csproj", "{19BC7DC6-AC48-4293-9A1E-BBDB713A955F}"
EndProject
Project("{9A19103F-16F7-4668-BE54-9A1E7A4F7556}") = "NetHacksPack.Data.Persistence.EF", "src\NetHacksPack.Data.Persistence.EF\NetHacksPack.Data.Persistence.EF.csproj", "{2435730D-1186-492E-89F8-944A89ACEB4D}"
EndProject
Project("{9A19103F-16F7-4668-BE54-9A1E7A4F7556}") = "NetHacksPack.Core", "src\NetHacksPack.Core\NetHacksPack.Core.csproj", "{4B50E9F1-F0ED-42A4-9578-3CEE23B30A81}"
EndProject
Project("{2150E333-8FDC-42A3-9474-1A3956D46DE8}") = "projetos", "projetos", "{46445E20-0253-409D-BF1C-8847741A711E}"
EndProject
Project("{2150E333-8FDC-42A3-9474-1A3956D46DE8}") = "Solution Items", "Solution Items", "{AC8B656A-ED96-457E-A1AF-92C420C9C68E}"
	ProjectSection(SolutionItems) = preProject
		README.md = README.md
	EndProjectSection
EndProject
Project("{2150E333-8FDC-42A3-9474-1A3956D46DE8}") = "Remote", "Remote", "{FD1E8378-46F6-4355-BFF6-28D62F7827C2}"
EndProject
Project("{9A19103F-16F7-4668-BE54-9A1E7A4F7556}") = "NetHacksPack.ClientApi.Abstractions", "src\NetHacksPack.ClientApi.Abstractions\NetHacksPack.ClientApi.Abstractions.csproj", "{2F40B4D6-FBF4-4366-90BA-B76110B5CD72}"
EndProject
Project("{2150E333-8FDC-42A3-9474-1A3956D46DE8}") = "Abstractions", "Abstractions", "{ACB03E29-0A01-4D17-9AFF-6AE918F823B0}"
EndProject
Project("{9A19103F-16F7-4668-BE54-9A1E7A4F7556}") = "NetHacksPack.ClientApi", "src\NetHacksPack.ClientApi\NetHacksPack.ClientApi.csproj", "{91814B83-77B8-4EBE-886F-5803547046E0}"
EndProject
Project("{9A19103F-16F7-4668-BE54-9A1E7A4F7556}") = "NetHacksPack.ClientApi.Providers.Json", "src\NetHacksPack.ClientApi.Providers.Json\NetHacksPack.ClientApi.Providers.Json.csproj", "{AC111D9A-CABE-4DA1-BCD7-501C1B207944}"
EndProject
Project("{9A19103F-16F7-4668-BE54-9A1E7A4F7556}") = "NetHacksPack.Events.Helper", "src\NetHacksPack.Events.Helper\NetHacksPack.Events.Helper.csproj", "{26BB3E39-B0A8-43CC-8704-20BB595D4244}"
EndProject
Project("{9A19103F-16F7-4668-BE54-9A1E7A4F7556}") = "NetHacksPack.Integration.RabbitMQ.Handlers", "src\NetHacksPack.Integration.RabbitMQ.Handlers\NetHacksPack.Integration.RabbitMQ.Handlers.csproj", "{607397FF-4A05-46D3-BEA4-A90D6A0BAD96}"
EndProject
Project("{9A19103F-16F7-4668-BE54-9A1E7A4F7556}") = "Teste", "src\Templates\services\Teste\Teste.csproj", "{64C40CF0-DB48-427E-AA9C-71ED81FEE02E}"
EndProject
Global
	GlobalSection(SolutionConfigurationPlatforms) = preSolution
		Debug|Any CPU = Debug|Any CPU
		Release|Any CPU = Release|Any CPU
	EndGlobalSection
	GlobalSection(ProjectConfigurationPlatforms) = postSolution
		{382E91D9-2830-4E71-AD12-0D0DF2D61A0D}.Debug|Any CPU.ActiveCfg = Debug|Any CPU
		{382E91D9-2830-4E71-AD12-0D0DF2D61A0D}.Debug|Any CPU.Build.0 = Debug|Any CPU
		{382E91D9-2830-4E71-AD12-0D0DF2D61A0D}.Release|Any CPU.ActiveCfg = Release|Any CPU
		{382E91D9-2830-4E71-AD12-0D0DF2D61A0D}.Release|Any CPU.Build.0 = Release|Any CPU
		{94BCE1DD-8A15-48A4-9A41-405448D5F02F}.Debug|Any CPU.ActiveCfg = Debug|Any CPU
		{94BCE1DD-8A15-48A4-9A41-405448D5F02F}.Debug|Any CPU.Build.0 = Debug|Any CPU
		{94BCE1DD-8A15-48A4-9A41-405448D5F02F}.Release|Any CPU.ActiveCfg = Release|Any CPU
		{94BCE1DD-8A15-48A4-9A41-405448D5F02F}.Release|Any CPU.Build.0 = Release|Any CPU
		{D66CD652-92AC-48E8-BE99-8FAD1FC789CB}.Debug|Any CPU.ActiveCfg = Debug|Any CPU
		{D66CD652-92AC-48E8-BE99-8FAD1FC789CB}.Debug|Any CPU.Build.0 = Debug|Any CPU
		{D66CD652-92AC-48E8-BE99-8FAD1FC789CB}.Release|Any CPU.ActiveCfg = Release|Any CPU
		{D66CD652-92AC-48E8-BE99-8FAD1FC789CB}.Release|Any CPU.Build.0 = Release|Any CPU
		{DE9735EA-F744-4C4F-835F-974383BB93E8}.Debug|Any CPU.ActiveCfg = Debug|Any CPU
		{DE9735EA-F744-4C4F-835F-974383BB93E8}.Debug|Any CPU.Build.0 = Debug|Any CPU
		{DE9735EA-F744-4C4F-835F-974383BB93E8}.Release|Any CPU.ActiveCfg = Release|Any CPU
		{DE9735EA-F744-4C4F-835F-974383BB93E8}.Release|Any CPU.Build.0 = Release|Any CPU
		{EBF31624-89AF-4FBE-B0A4-D84E878614EA}.Debug|Any CPU.ActiveCfg = Debug|Any CPU
		{EBF31624-89AF-4FBE-B0A4-D84E878614EA}.Debug|Any CPU.Build.0 = Debug|Any CPU
		{EBF31624-89AF-4FBE-B0A4-D84E878614EA}.Release|Any CPU.ActiveCfg = Release|Any CPU
		{EBF31624-89AF-4FBE-B0A4-D84E878614EA}.Release|Any CPU.Build.0 = Release|Any CPU
		{0E6D0F08-7FE8-4D77-9BF8-AC558CF00473}.Debug|Any CPU.ActiveCfg = Debug|Any CPU
		{0E6D0F08-7FE8-4D77-9BF8-AC558CF00473}.Debug|Any CPU.Build.0 = Debug|Any CPU
		{0E6D0F08-7FE8-4D77-9BF8-AC558CF00473}.Release|Any CPU.ActiveCfg = Release|Any CPU
		{0E6D0F08-7FE8-4D77-9BF8-AC558CF00473}.Release|Any CPU.Build.0 = Release|Any CPU
		{FE66D15D-F753-43E5-AE05-84099933FD2B}.Debug|Any CPU.ActiveCfg = Debug|Any CPU
		{FE66D15D-F753-43E5-AE05-84099933FD2B}.Debug|Any CPU.Build.0 = Debug|Any CPU
		{FE66D15D-F753-43E5-AE05-84099933FD2B}.Release|Any CPU.ActiveCfg = Release|Any CPU
		{FE66D15D-F753-43E5-AE05-84099933FD2B}.Release|Any CPU.Build.0 = Release|Any CPU
		{5EE05845-32DB-48A2-B5C0-C96C2CD9EBCC}.Debug|Any CPU.ActiveCfg = Debug|Any CPU
		{5EE05845-32DB-48A2-B5C0-C96C2CD9EBCC}.Debug|Any CPU.Build.0 = Debug|Any CPU
		{5EE05845-32DB-48A2-B5C0-C96C2CD9EBCC}.Release|Any CPU.ActiveCfg = Release|Any CPU
		{5EE05845-32DB-48A2-B5C0-C96C2CD9EBCC}.Release|Any CPU.Build.0 = Release|Any CPU
		{B8AFCAB5-1787-478E-BE1A-7B1127DA8DE8}.Debug|Any CPU.ActiveCfg = Debug|Any CPU
		{B8AFCAB5-1787-478E-BE1A-7B1127DA8DE8}.Debug|Any CPU.Build.0 = Debug|Any CPU
		{B8AFCAB5-1787-478E-BE1A-7B1127DA8DE8}.Release|Any CPU.ActiveCfg = Release|Any CPU
		{B8AFCAB5-1787-478E-BE1A-7B1127DA8DE8}.Release|Any CPU.Build.0 = Release|Any CPU
		{40D296E9-00BC-41F2-BE96-8B672CBA4C59}.Debug|Any CPU.ActiveCfg = Debug|Any CPU
		{40D296E9-00BC-41F2-BE96-8B672CBA4C59}.Debug|Any CPU.Build.0 = Debug|Any CPU
		{40D296E9-00BC-41F2-BE96-8B672CBA4C59}.Release|Any CPU.ActiveCfg = Release|Any CPU
		{40D296E9-00BC-41F2-BE96-8B672CBA4C59}.Release|Any CPU.Build.0 = Release|Any CPU
		{19BC7DC6-AC48-4293-9A1E-BBDB713A955F}.Debug|Any CPU.ActiveCfg = Debug|Any CPU
		{19BC7DC6-AC48-4293-9A1E-BBDB713A955F}.Debug|Any CPU.Build.0 = Debug|Any CPU
		{19BC7DC6-AC48-4293-9A1E-BBDB713A955F}.Release|Any CPU.ActiveCfg = Release|Any CPU
		{19BC7DC6-AC48-4293-9A1E-BBDB713A955F}.Release|Any CPU.Build.0 = Release|Any CPU
		{2435730D-1186-492E-89F8-944A89ACEB4D}.Debug|Any CPU.ActiveCfg = Debug|Any CPU
		{2435730D-1186-492E-89F8-944A89ACEB4D}.Debug|Any CPU.Build.0 = Debug|Any CPU
		{2435730D-1186-492E-89F8-944A89ACEB4D}.Release|Any CPU.ActiveCfg = Release|Any CPU
		{2435730D-1186-492E-89F8-944A89ACEB4D}.Release|Any CPU.Build.0 = Release|Any CPU
		{4B50E9F1-F0ED-42A4-9578-3CEE23B30A81}.Debug|Any CPU.ActiveCfg = Debug|Any CPU
		{4B50E9F1-F0ED-42A4-9578-3CEE23B30A81}.Debug|Any CPU.Build.0 = Debug|Any CPU
		{4B50E9F1-F0ED-42A4-9578-3CEE23B30A81}.Release|Any CPU.ActiveCfg = Release|Any CPU
		{4B50E9F1-F0ED-42A4-9578-3CEE23B30A81}.Release|Any CPU.Build.0 = Release|Any CPU
		{2F40B4D6-FBF4-4366-90BA-B76110B5CD72}.Debug|Any CPU.ActiveCfg = Debug|Any CPU
		{2F40B4D6-FBF4-4366-90BA-B76110B5CD72}.Debug|Any CPU.Build.0 = Debug|Any CPU
		{2F40B4D6-FBF4-4366-90BA-B76110B5CD72}.Release|Any CPU.ActiveCfg = Release|Any CPU
		{2F40B4D6-FBF4-4366-90BA-B76110B5CD72}.Release|Any CPU.Build.0 = Release|Any CPU
		{91814B83-77B8-4EBE-886F-5803547046E0}.Debug|Any CPU.ActiveCfg = Debug|Any CPU
		{91814B83-77B8-4EBE-886F-5803547046E0}.Debug|Any CPU.Build.0 = Debug|Any CPU
		{91814B83-77B8-4EBE-886F-5803547046E0}.Release|Any CPU.ActiveCfg = Release|Any CPU
		{91814B83-77B8-4EBE-886F-5803547046E0}.Release|Any CPU.Build.0 = Release|Any CPU
		{AC111D9A-CABE-4DA1-BCD7-501C1B207944}.Debug|Any CPU.ActiveCfg = Debug|Any CPU
		{AC111D9A-CABE-4DA1-BCD7-501C1B207944}.Debug|Any CPU.Build.0 = Debug|Any CPU
		{AC111D9A-CABE-4DA1-BCD7-501C1B207944}.Release|Any CPU.ActiveCfg = Release|Any CPU
		{AC111D9A-CABE-4DA1-BCD7-501C1B207944}.Release|Any CPU.Build.0 = Release|Any CPU
		{26BB3E39-B0A8-43CC-8704-20BB595D4244}.Debug|Any CPU.ActiveCfg = Debug|Any CPU
		{26BB3E39-B0A8-43CC-8704-20BB595D4244}.Debug|Any CPU.Build.0 = Debug|Any CPU
		{26BB3E39-B0A8-43CC-8704-20BB595D4244}.Release|Any CPU.ActiveCfg = Release|Any CPU
		{26BB3E39-B0A8-43CC-8704-20BB595D4244}.Release|Any CPU.Build.0 = Release|Any CPU
		{607397FF-4A05-46D3-BEA4-A90D6A0BAD96}.Debug|Any CPU.ActiveCfg = Debug|Any CPU
		{607397FF-4A05-46D3-BEA4-A90D6A0BAD96}.Debug|Any CPU.Build.0 = Debug|Any CPU
		{607397FF-4A05-46D3-BEA4-A90D6A0BAD96}.Release|Any CPU.ActiveCfg = Release|Any CPU
		{607397FF-4A05-46D3-BEA4-A90D6A0BAD96}.Release|Any CPU.Build.0 = Release|Any CPU
		{64C40CF0-DB48-427E-AA9C-71ED81FEE02E}.Debug|Any CPU.ActiveCfg = Debug|Any CPU
		{64C40CF0-DB48-427E-AA9C-71ED81FEE02E}.Debug|Any CPU.Build.0 = Debug|Any CPU
		{64C40CF0-DB48-427E-AA9C-71ED81FEE02E}.Release|Any CPU.ActiveCfg = Release|Any CPU
		{64C40CF0-DB48-427E-AA9C-71ED81FEE02E}.Release|Any CPU.Build.0 = Release|Any CPU
	EndGlobalSection
	GlobalSection(SolutionProperties) = preSolution
		HideSolutionNode = FALSE
	EndGlobalSection
	GlobalSection(NestedProjects) = preSolution
		{E9247C3F-C3E9-4178-A243-CBFEC765AA5F} = {D69F1607-E425-4B8C-AE84-E9C703168955}
		{71F954AB-C96E-4385-829E-267D0E863BE5} = {E9247C3F-C3E9-4178-A243-CBFEC765AA5F}
		{453FFCFB-CA96-4C34-8524-4A8A792A5DB9} = {D69F1607-E425-4B8C-AE84-E9C703168955}
		{C3A77404-2212-4767-8AED-0DF05EAB17EA} = {D69F1607-E425-4B8C-AE84-E9C703168955}
		{438D0D2E-1DF9-4B3E-AA5E-7ED6593EAD25} = {C3A77404-2212-4767-8AED-0DF05EAB17EA}
		{76B5B22F-6929-4ABA-AE5D-C5EC9CE3E9B0} = {D69F1607-E425-4B8C-AE84-E9C703168955}
		{3C5E5A86-2875-4C9B-8C2E-CD70030ABFBC} = {453FFCFB-CA96-4C34-8524-4A8A792A5DB9}
		{2E0CC54E-2DA7-45BA-A9B6-54A1048B18D7} = {D69F1607-E425-4B8C-AE84-E9C703168955}
		{5AED5549-A939-4202-83C9-2483E2A989AE} = {2E0CC54E-2DA7-45BA-A9B6-54A1048B18D7}
		{382E91D9-2830-4E71-AD12-0D0DF2D61A0D} = {5AED5549-A939-4202-83C9-2483E2A989AE}
		{94BCE1DD-8A15-48A4-9A41-405448D5F02F} = {76B5B22F-6929-4ABA-AE5D-C5EC9CE3E9B0}
		{D66CD652-92AC-48E8-BE99-8FAD1FC789CB} = {453FFCFB-CA96-4C34-8524-4A8A792A5DB9}
		{DE9735EA-F744-4C4F-835F-974383BB93E8} = {3C5E5A86-2875-4C9B-8C2E-CD70030ABFBC}
		{EBF31624-89AF-4FBE-B0A4-D84E878614EA} = {453FFCFB-CA96-4C34-8524-4A8A792A5DB9}
		{0E6D0F08-7FE8-4D77-9BF8-AC558CF00473} = {453FFCFB-CA96-4C34-8524-4A8A792A5DB9}
		{FE66D15D-F753-43E5-AE05-84099933FD2B} = {453FFCFB-CA96-4C34-8524-4A8A792A5DB9}
		{5EE05845-32DB-48A2-B5C0-C96C2CD9EBCC} = {453FFCFB-CA96-4C34-8524-4A8A792A5DB9}
		{B8AFCAB5-1787-478E-BE1A-7B1127DA8DE8} = {438D0D2E-1DF9-4B3E-AA5E-7ED6593EAD25}
		{40D296E9-00BC-41F2-BE96-8B672CBA4C59} = {C3A77404-2212-4767-8AED-0DF05EAB17EA}
		{19BC7DC6-AC48-4293-9A1E-BBDB713A955F} = {71F954AB-C96E-4385-829E-267D0E863BE5}
		{2435730D-1186-492E-89F8-944A89ACEB4D} = {E9247C3F-C3E9-4178-A243-CBFEC765AA5F}
		{4B50E9F1-F0ED-42A4-9578-3CEE23B30A81} = {D69F1607-E425-4B8C-AE84-E9C703168955}
		{46445E20-0253-409D-BF1C-8847741A711E} = {2E0CC54E-2DA7-45BA-A9B6-54A1048B18D7}
		{FD1E8378-46F6-4355-BFF6-28D62F7827C2} = {D69F1607-E425-4B8C-AE84-E9C703168955}
		{2F40B4D6-FBF4-4366-90BA-B76110B5CD72} = {ACB03E29-0A01-4D17-9AFF-6AE918F823B0}
		{ACB03E29-0A01-4D17-9AFF-6AE918F823B0} = {FD1E8378-46F6-4355-BFF6-28D62F7827C2}
		{91814B83-77B8-4EBE-886F-5803547046E0} = {FD1E8378-46F6-4355-BFF6-28D62F7827C2}
		{AC111D9A-CABE-4DA1-BCD7-501C1B207944} = {FD1E8378-46F6-4355-BFF6-28D62F7827C2}
		{26BB3E39-B0A8-43CC-8704-20BB595D4244} = {D69F1607-E425-4B8C-AE84-E9C703168955}
		{607397FF-4A05-46D3-BEA4-A90D6A0BAD96} = {C3A77404-2212-4767-8AED-0DF05EAB17EA}
		{64C40CF0-DB48-427E-AA9C-71ED81FEE02E} = {5AED5549-A939-4202-83C9-2483E2A989AE}
	EndGlobalSection
	GlobalSection(ExtensibilityGlobals) = postSolution
		SolutionGuid = {DFFE86AD-D078-4C1A-85F2-4C053F66D6A7}
	EndGlobalSection
EndGlobal
